// !$*UTF8*$!
{
	archiveVersion = 1;
	classes = {
	};
	objectVersion = 51;
	objects = {

/* Begin PBXBuildFile section */
		08CBF5A8056CFC261AACF43D /* Pods_S_O_U_L.framework in Frameworks */ = {isa = PBXBuildFile; fileRef = 2279A981F11A1BF2840CFBA6 /* Pods_S_O_U_L.framework */; };
		5B03343122AA5B38007CADDC /* README.md in Resources */ = {isa = PBXBuildFile; fileRef = 5B03343022AA5B37007CADDC /* README.md */; };
		5B317E2422AE69D900295E33 /* Item.swift in Sources */ = {isa = PBXBuildFile; fileRef = 5B317E2322AE69D900295E33 /* Item.swift */; };
		5B317E2C22B005C900295E33 /* CharacterCreation.swift in Sources */ = {isa = PBXBuildFile; fileRef = 5B317E2B22B005C900295E33 /* CharacterCreation.swift */; };
		5BCE888F22A81234003910C0 /* AppDelegate.swift in Sources */ = {isa = PBXBuildFile; fileRef = 5BCE888E22A81234003910C0 /* AppDelegate.swift */; };
		5BCE889122A81234003910C0 /* MainStory.swift in Sources */ = {isa = PBXBuildFile; fileRef = 5BCE889022A81234003910C0 /* MainStory.swift */; };
		5BCE889422A81234003910C0 /* Main.storyboard in Resources */ = {isa = PBXBuildFile; fileRef = 5BCE889222A81234003910C0 /* Main.storyboard */; };
		5BCE889622A81237003910C0 /* Assets.xcassets in Resources */ = {isa = PBXBuildFile; fileRef = 5BCE889522A81237003910C0 /* Assets.xcassets */; };
		5BCE889922A81237003910C0 /* LaunchScreen.storyboard in Resources */ = {isa = PBXBuildFile; fileRef = 5BCE889722A81237003910C0 /* LaunchScreen.storyboard */; };
		5BCE88A522A81377003910C0 /* Player.swift in Sources */ = {isa = PBXBuildFile; fileRef = 5BCE88A422A81377003910C0 /* Player.swift */; };
		5BCE88A722A81390003910C0 /* Scene.swift in Sources */ = {isa = PBXBuildFile; fileRef = 5BCE88A622A81390003910C0 /* Scene.swift */; };
		5BCE88AB22A813A1003910C0 /* Populate.swift in Sources */ = {isa = PBXBuildFile; fileRef = 5BCE88AA22A813A1003910C0 /* Populate.swift */; };
/* End PBXBuildFile section */

/* Begin PBXFileReference section */
		2279A981F11A1BF2840CFBA6 /* Pods_S_O_U_L.framework */ = {isa = PBXFileReference; explicitFileType = wrapper.framework; includeInIndex = 0; path = Pods_S_O_U_L.framework; sourceTree = BUILT_PRODUCTS_DIR; };
		440F1242542C4894489D1F86 /* Pods-S.O.U.L.debug.xcconfig */ = {isa = PBXFileReference; includeInIndex = 1; lastKnownFileType = text.xcconfig; name = "Pods-S.O.U.L.debug.xcconfig"; path = "Target Support Files/Pods-S.O.U.L/Pods-S.O.U.L.debug.xcconfig"; sourceTree = "<group>"; };
		5B03343022AA5B37007CADDC /* README.md */ = {isa = PBXFileReference; fileEncoding = 4; lastKnownFileType = net.daringfireball.markdown; path = README.md; sourceTree = SOURCE_ROOT; };
		5B317E2322AE69D900295E33 /* Item.swift */ = {isa = PBXFileReference; lastKnownFileType = sourcecode.swift; path = Item.swift; sourceTree = "<group>"; };
		5B317E2B22B005C900295E33 /* CharacterCreation.swift */ = {isa = PBXFileReference; lastKnownFileType = sourcecode.swift; path = CharacterCreation.swift; sourceTree = "<group>"; };
		5BCE888B22A81234003910C0 /* S.O.U.L.app */ = {isa = PBXFileReference; explicitFileType = wrapper.application; includeInIndex = 0; path = S.O.U.L.app; sourceTree = BUILT_PRODUCTS_DIR; };
		5BCE888E22A81234003910C0 /* AppDelegate.swift */ = {isa = PBXFileReference; lastKnownFileType = sourcecode.swift; path = AppDelegate.swift; sourceTree = "<group>"; };
		5BCE889022A81234003910C0 /* MainStory.swift */ = {isa = PBXFileReference; lastKnownFileType = sourcecode.swift; path = MainStory.swift; sourceTree = "<group>"; };
		5BCE889322A81234003910C0 /* Base */ = {isa = PBXFileReference; lastKnownFileType = file.storyboard; name = Base; path = Base.lproj/Main.storyboard; sourceTree = "<group>"; };
		5BCE889522A81237003910C0 /* Assets.xcassets */ = {isa = PBXFileReference; lastKnownFileType = folder.assetcatalog; path = Assets.xcassets; sourceTree = "<group>"; };
		5BCE889822A81237003910C0 /* Base */ = {isa = PBXFileReference; lastKnownFileType = file.storyboard; name = Base; path = Base.lproj/LaunchScreen.storyboard; sourceTree = "<group>"; };
		5BCE889A22A81237003910C0 /* Info.plist */ = {isa = PBXFileReference; lastKnownFileType = text.plist.xml; path = Info.plist; sourceTree = "<group>"; };
		5BCE88A422A81377003910C0 /* Player.swift */ = {isa = PBXFileReference; lastKnownFileType = sourcecode.swift; path = Player.swift; sourceTree = "<group>"; };
		5BCE88A622A81390003910C0 /* Scene.swift */ = {isa = PBXFileReference; lastKnownFileType = sourcecode.swift; path = Scene.swift; sourceTree = "<group>"; };
		5BCE88AA22A813A1003910C0 /* Populate.swift */ = {isa = PBXFileReference; lastKnownFileType = sourcecode.swift; path = Populate.swift; sourceTree = "<group>"; };
		A0BB470FFF1B036600EFA24D /* Pods-S.O.U.L.release.xcconfig */ = {isa = PBXFileReference; includeInIndex = 1; lastKnownFileType = text.xcconfig; name = "Pods-S.O.U.L.release.xcconfig"; path = "Target Support Files/Pods-S.O.U.L/Pods-S.O.U.L.release.xcconfig"; sourceTree = "<group>"; };
/* End PBXFileReference section */

/* Begin PBXFrameworksBuildPhase section */
		5BCE888822A81234003910C0 /* Frameworks */ = {
			isa = PBXFrameworksBuildPhase;
			buildActionMask = 2147483647;
			files = (
				08CBF5A8056CFC261AACF43D /* Pods_S_O_U_L.framework in Frameworks */,
			);
			runOnlyForDeploymentPostprocessing = 0;
		};
/* End PBXFrameworksBuildPhase section */

/* Begin PBXGroup section */
		0EFEF44A5D487C93F0E5AFE8 /* Pods */ = {
			isa = PBXGroup;
			children = (
				440F1242542C4894489D1F86 /* Pods-S.O.U.L.debug.xcconfig */,
				A0BB470FFF1B036600EFA24D /* Pods-S.O.U.L.release.xcconfig */,
			);
			path = Pods;
			sourceTree = "<group>";
		};
		3ADAB31122DA523BC9BE6A35 /* Frameworks */ = {
			isa = PBXGroup;
			children = (
				2279A981F11A1BF2840CFBA6 /* Pods_S_O_U_L.framework */,
			);
			name = Frameworks;
			sourceTree = "<group>";
		};
		5BCE888222A81234003910C0 = {
			isa = PBXGroup;
			children = (
				5B03343022AA5B37007CADDC /* README.md */,
				5BCE888D22A81234003910C0 /* S.O.U.L */,
				5BCE888C22A81234003910C0 /* Products */,
				0EFEF44A5D487C93F0E5AFE8 /* Pods */,
				3ADAB31122DA523BC9BE6A35 /* Frameworks */,
			);
			sourceTree = "<group>";
		};
		5BCE888C22A81234003910C0 /* Products */ = {
			isa = PBXGroup;
			children = (
				5BCE888B22A81234003910C0 /* S.O.U.L.app */,
			);
			name = Products;
			sourceTree = "<group>";
		};
		5BCE888D22A81234003910C0 /* S.O.U.L */ = {
			isa = PBXGroup;
			children = (
				5BCE88A022A8125C003910C0 /* Model */,
				5BCE88A122A81265003910C0 /* View */,
				5BCE88A222A81268003910C0 /* Controller */,
				5BCE88A322A8126E003910C0 /* Support */,
			);
			path = S.O.U.L;
			sourceTree = "<group>";
		};
		5BCE88A022A8125C003910C0 /* Model */ = {
			isa = PBXGroup;
			children = (
				5BCE88A422A81377003910C0 /* Player.swift */,
				5B317E2322AE69D900295E33 /* Item.swift */,
				5BCE88A622A81390003910C0 /* Scene.swift */,
				5BCE88AA22A813A1003910C0 /* Populate.swift */,
			);
			path = Model;
			sourceTree = "<group>";
		};
		5BCE88A122A81265003910C0 /* View */ = {
			isa = PBXGroup;
			children = (
				5BCE889722A81237003910C0 /* LaunchScreen.storyboard */,
				5BCE889222A81234003910C0 /* Main.storyboard */,
			);
			path = View;
			sourceTree = "<group>";
		};
		5BCE88A222A81268003910C0 /* Controller */ = {
			isa = PBXGroup;
			children = (
				5BCE889022A81234003910C0 /* MainStory.swift */,
				5B317E2B22B005C900295E33 /* CharacterCreation.swift */,
				5BCE888E22A81234003910C0 /* AppDelegate.swift */,
			);
			path = Controller;
			sourceTree = "<group>";
		};
		5BCE88A322A8126E003910C0 /* Support */ = {
			isa = PBXGroup;
			children = (
				5BCE889522A81237003910C0 /* Assets.xcassets */,
				5BCE889A22A81237003910C0 /* Info.plist */,
			);
			path = Support;
			sourceTree = "<group>";
		};
/* End PBXGroup section */

/* Begin PBXNativeTarget section */
		5BCE888A22A81234003910C0 /* S.O.U.L */ = {
			isa = PBXNativeTarget;
			buildConfigurationList = 5BCE889D22A81237003910C0 /* Build configuration list for PBXNativeTarget "S.O.U.L" */;
			buildPhases = (
				7091DA78955E81EA0E762EDF /* [CP] Check Pods Manifest.lock */,
				5BCE888722A81234003910C0 /* Sources */,
				5BCE888822A81234003910C0 /* Frameworks */,
				5BCE888922A81234003910C0 /* Resources */,
				0D067A66483A5CBEE9AB188A /* [CP] Embed Pods Frameworks */,
			);
			buildRules = (
			);
			dependencies = (
			);
			name = S.O.U.L;
			productName = S.O.U.L;
			productReference = 5BCE888B22A81234003910C0 /* S.O.U.L.app */;
			productType = "com.apple.product-type.application";
		};
/* End PBXNativeTarget section */

/* Begin PBXProject section */
		5BCE888322A81234003910C0 /* Project object */ = {
			isa = PBXProject;
			attributes = {
				LastSwiftUpdateCheck = 1020;
				LastUpgradeCheck = 1020;
				ORGANIZATIONNAME = "Mateus Cavanholi";
				TargetAttributes = {
					5BCE888A22A81234003910C0 = {
						CreatedOnToolsVersion = 10.2.1;
					};
				};
			};
			buildConfigurationList = 5BCE888622A81234003910C0 /* Build configuration list for PBXProject "S.O.U.L" */;
			compatibilityVersion = "Xcode 9.3";
			developmentRegion = en;
			hasScannedForEncodings = 0;
			knownRegions = (
				en,
				Base,
			);
			mainGroup = 5BCE888222A81234003910C0;
			productRefGroup = 5BCE888C22A81234003910C0 /* Products */;
			projectDirPath = "";
			projectRoot = "";
			targets = (
				5BCE888A22A81234003910C0 /* S.O.U.L */,
			);
		};
/* End PBXProject section */

/* Begin PBXResourcesBuildPhase section */
		5BCE888922A81234003910C0 /* Resources */ = {
			isa = PBXResourcesBuildPhase;
			buildActionMask = 2147483647;
			files = (
				5BCE889922A81237003910C0 /* LaunchScreen.storyboard in Resources */,
				5BCE889622A81237003910C0 /* Assets.xcassets in Resources */,
				5B03343122AA5B38007CADDC /* README.md in Resources */,
				5BCE889422A81234003910C0 /* Main.storyboard in Resources */,
			);
			runOnlyForDeploymentPostprocessing = 0;
		};
/* End PBXResourcesBuildPhase section */

/* Begin PBXShellScriptBuildPhase section */
		0D067A66483A5CBEE9AB188A /* [CP] Embed Pods Frameworks */ = {
			isa = PBXShellScriptBuildPhase;
			buildActionMask = 2147483647;
			files = (
			);
			inputFileListPaths = (
				"${PODS_ROOT}/Target Support Files/Pods-S.O.U.L/Pods-S.O.U.L-frameworks-${CONFIGURATION}-input-files.xcfilelist",
			);
			name = "[CP] Embed Pods Frameworks";
			outputFileListPaths = (
				"${PODS_ROOT}/Target Support Files/Pods-S.O.U.L/Pods-S.O.U.L-frameworks-${CONFIGURATION}-output-files.xcfilelist",
			);
			runOnlyForDeploymentPostprocessing = 0;
			shellPath = /bin/sh;
			shellScript = "\"${PODS_ROOT}/Target Support Files/Pods-S.O.U.L/Pods-S.O.U.L-frameworks.sh\"\n";
			showEnvVarsInLog = 0;
		};
		7091DA78955E81EA0E762EDF /* [CP] Check Pods Manifest.lock */ = {
			isa = PBXShellScriptBuildPhase;
			buildActionMask = 2147483647;
			files = (
			);
			inputFileListPaths = (
			);
			inputPaths = (
				"${PODS_PODFILE_DIR_PATH}/Podfile.lock",
				"${PODS_ROOT}/Manifest.lock",
			);
			name = "[CP] Check Pods Manifest.lock";
			outputFileListPaths = (
			);
			outputPaths = (
				"$(DERIVED_FILE_DIR)/Pods-S.O.U.L-checkManifestLockResult.txt",
			);
			runOnlyForDeploymentPostprocessing = 0;
			shellPath = /bin/sh;
			shellScript = "diff \"${PODS_PODFILE_DIR_PATH}/Podfile.lock\" \"${PODS_ROOT}/Manifest.lock\" > /dev/null\nif [ $? != 0 ] ; then\n    # print error to STDERR\n    echo \"error: The sandbox is not in sync with the Podfile.lock. Run 'pod install' or update your CocoaPods installation.\" >&2\n    exit 1\nfi\n# This output is used by Xcode 'outputs' to avoid re-running this script phase.\necho \"SUCCESS\" > \"${SCRIPT_OUTPUT_FILE_0}\"\n";
			showEnvVarsInLog = 0;
		};
/* End PBXShellScriptBuildPhase section */

/* Begin PBXSourcesBuildPhase section */
		5BCE888722A81234003910C0 /* Sources */ = {
			isa = PBXSourcesBuildPhase;
			buildActionMask = 2147483647;
			files = (
				5BCE88A722A81390003910C0 /* Scene.swift in Sources */,
				5B317E2C22B005C900295E33 /* CharacterCreation.swift in Sources */,
				5BCE88AB22A813A1003910C0 /* Populate.swift in Sources */,
				5BCE889122A81234003910C0 /* MainStory.swift in Sources */,
				5BCE88A522A81377003910C0 /* Player.swift in Sources */,
				5B317E2422AE69D900295E33 /* Item.swift in Sources */,
				5BCE888F22A81234003910C0 /* AppDelegate.swift in Sources */,
			);
			runOnlyForDeploymentPostprocessing = 0;
		};
/* End PBXSourcesBuildPhase section */

/* Begin PBXVariantGroup section */
		5BCE889222A81234003910C0 /* Main.storyboard */ = {
			isa = PBXVariantGroup;
			children = (
				5BCE889322A81234003910C0 /* Base */,
			);
			name = Main.storyboard;
			sourceTree = "<group>";
		};
		5BCE889722A81237003910C0 /* LaunchScreen.storyboard */ = {
			isa = PBXVariantGroup;
			children = (
				5BCE889822A81237003910C0 /* Base */,
			);
			name = LaunchScreen.storyboard;
			sourceTree = "<group>";
		};
/* End PBXVariantGroup section */

/* Begin XCBuildConfiguration section */
		5BCE889B22A81237003910C0 /* Debug */ = {
			isa = XCBuildConfiguration;
			buildSettings = {
				ALWAYS_SEARCH_USER_PATHS = NO;
				CLANG_ANALYZER_NONNULL = YES;
				CLANG_ANALYZER_NUMBER_OBJECT_CONVERSION = YES_AGGRESSIVE;
				CLANG_CXX_LANGUAGE_STANDARD = "gnu++14";
				CLANG_CXX_LIBRARY = "libc++";
				CLANG_ENABLE_MODULES = YES;
				CLANG_ENABLE_OBJC_ARC = YES;
				CLANG_ENABLE_OBJC_WEAK = YES;
				CLANG_WARN_BLOCK_CAPTURE_AUTORELEASING = YES;
				CLANG_WARN_BOOL_CONVERSION = YES;
				CLANG_WARN_COMMA = YES;
				CLANG_WARN_CONSTANT_CONVERSION = YES;
				CLANG_WARN_DEPRECATED_OBJC_IMPLEMENTATIONS = YES;
				CLANG_WARN_DIRECT_OBJC_ISA_USAGE = YES_ERROR;
				CLANG_WARN_DOCUMENTATION_COMMENTS = YES;
				CLANG_WARN_EMPTY_BODY = YES;
				CLANG_WARN_ENUM_CONVERSION = YES;
				CLANG_WARN_INFINITE_RECURSION = YES;
				CLANG_WARN_INT_CONVERSION = YES;
				CLANG_WARN_NON_LITERAL_NULL_CONVERSION = YES;
				CLANG_WARN_OBJC_IMPLICIT_RETAIN_SELF = YES;
				CLANG_WARN_OBJC_LITERAL_CONVERSION = YES;
				CLANG_WARN_OBJC_ROOT_CLASS = YES_ERROR;
				CLANG_WARN_RANGE_LOOP_ANALYSIS = YES;
				CLANG_WARN_STRICT_PROTOTYPES = YES;
				CLANG_WARN_SUSPICIOUS_MOVE = YES;
				CLANG_WARN_UNGUARDED_AVAILABILITY = YES_AGGRESSIVE;
				CLANG_WARN_UNREACHABLE_CODE = YES;
				CLANG_WARN__DUPLICATE_METHOD_MATCH = YES;
				CODE_SIGN_IDENTITY = "iPhone Developer";
				COPY_PHASE_STRIP = NO;
				DEBUG_INFORMATION_FORMAT = dwarf;
				ENABLE_STRICT_OBJC_MSGSEND = YES;
				ENABLE_TESTABILITY = YES;
				GCC_C_LANGUAGE_STANDARD = gnu11;
				GCC_DYNAMIC_NO_PIC = NO;
				GCC_NO_COMMON_BLOCKS = YES;
				GCC_OPTIMIZATION_LEVEL = 0;
				GCC_PREPROCESSOR_DEFINITIONS = (
					"DEBUG=1",
					"$(inherited)",
				);
				GCC_WARN_64_TO_32_BIT_CONVERSION = YES;
				GCC_WARN_ABOUT_RETURN_TYPE = YES_ERROR;
				GCC_WARN_UNDECLARED_SELECTOR = YES;
				GCC_WARN_UNINITIALIZED_AUTOS = YES_AGGRESSIVE;
				GCC_WARN_UNUSED_FUNCTION = YES;
				GCC_WARN_UNUSED_VARIABLE = YES;
				IPHONEOS_DEPLOYMENT_TARGET = 12.2;
				MTL_ENABLE_DEBUG_INFO = INCLUDE_SOURCE;
				MTL_FAST_MATH = YES;
				ONLY_ACTIVE_ARCH = YES;
				SDKROOT = iphoneos;
				SWIFT_ACTIVE_COMPILATION_CONDITIONS = DEBUG;
				SWIFT_OPTIMIZATION_LEVEL = "-Onone";
			};
			name = Debug;
		};
		5BCE889C22A81237003910C0 /* Release */ = {
			isa = XCBuildConfiguration;
			buildSettings = {
				ALWAYS_SEARCH_USER_PATHS = NO;
				CLANG_ANALYZER_NONNULL = YES;
				CLANG_ANALYZER_NUMBER_OBJECT_CONVERSION = YES_AGGRESSIVE;
				CLANG_CXX_LANGUAGE_STANDARD = "gnu++14";
				CLANG_CXX_LIBRARY = "libc++";
				CLANG_ENABLE_MODULES = YES;
				CLANG_ENABLE_OBJC_ARC = YES;
				CLANG_ENABLE_OBJC_WEAK = YES;
				CLANG_WARN_BLOCK_CAPTURE_AUTORELEASING = YES;
				CLANG_WARN_BOOL_CONVERSION = YES;
				CLANG_WARN_COMMA = YES;
				CLANG_WARN_CONSTANT_CONVERSION = YES;
				CLANG_WARN_DEPRECATED_OBJC_IMPLEMENTATIONS = YES;
				CLANG_WARN_DIRECT_OBJC_ISA_USAGE = YES_ERROR;
				CLANG_WARN_DOCUMENTATION_COMMENTS = YES;
				CLANG_WARN_EMPTY_BODY = YES;
				CLANG_WARN_ENUM_CONVERSION = YES;
				CLANG_WARN_INFINITE_RECURSION = YES;
				CLANG_WARN_INT_CONVERSION = YES;
				CLANG_WARN_NON_LITERAL_NULL_CONVERSION = YES;
				CLANG_WARN_OBJC_IMPLICIT_RETAIN_SELF = YES;
				CLANG_WARN_OBJC_LITERAL_CONVERSION = YES;
				CLANG_WARN_OBJC_ROOT_CLASS = YES_ERROR;
				CLANG_WARN_RANGE_LOOP_ANALYSIS = YES;
				CLANG_WARN_STRICT_PROTOTYPES = YES;
				CLANG_WARN_SUSPICIOUS_MOVE = YES;
				CLANG_WARN_UNGUARDED_AVAILABILITY = YES_AGGRESSIVE;
				CLANG_WARN_UNREACHABLE_CODE = YES;
				CLANG_WARN__DUPLICATE_METHOD_MATCH = YES;
				CODE_SIGN_IDENTITY = "iPhone Developer";
				COPY_PHASE_STRIP = NO;
				DEBUG_INFORMATION_FORMAT = "dwarf-with-dsym";
				ENABLE_NS_ASSERTIONS = NO;
				ENABLE_STRICT_OBJC_MSGSEND = YES;
				GCC_C_LANGUAGE_STANDARD = gnu11;
				GCC_NO_COMMON_BLOCKS = YES;
				GCC_WARN_64_TO_32_BIT_CONVERSION = YES;
				GCC_WARN_ABOUT_RETURN_TYPE = YES_ERROR;
				GCC_WARN_UNDECLARED_SELECTOR = YES;
				GCC_WARN_UNINITIALIZED_AUTOS = YES_AGGRESSIVE;
				GCC_WARN_UNUSED_FUNCTION = YES;
				GCC_WARN_UNUSED_VARIABLE = YES;
				IPHONEOS_DEPLOYMENT_TARGET = 12.2;
				MTL_ENABLE_DEBUG_INFO = NO;
				MTL_FAST_MATH = YES;
				SDKROOT = iphoneos;
				SWIFT_COMPILATION_MODE = wholemodule;
				SWIFT_OPTIMIZATION_LEVEL = "-O";
				VALIDATE_PRODUCT = YES;
			};
			name = Release;
		};
		5BCE889E22A81237003910C0 /* Debug */ = {
			isa = XCBuildConfiguration;
			baseConfigurationReference = 440F1242542C4894489D1F86 /* Pods-S.O.U.L.debug.xcconfig */;
			buildSettings = {
				ASSETCATALOG_COMPILER_APPICON_NAME = AppIcon;
				CODE_SIGN_STYLE = Automatic;
				DEVELOPMENT_TEAM = UAGVS2NS4Z;
				INFOPLIST_FILE = "$(SRCROOT)/S.O.U.L/Support/Info.plist";
				LD_RUNPATH_SEARCH_PATHS = (
					"$(inherited)",
					"@executable_path/Frameworks",
				);
				PRODUCT_BUNDLE_IDENTIFIER = "com.cavanholi.S-O-U-L";
				PRODUCT_NAME = "$(TARGET_NAME)";
				SWIFT_VERSION = 5.0;
				TARGETED_DEVICE_FAMILY = 1;
			};
			name = Debug;
		};
		5BCE889F22A81237003910C0 /* Release */ = {
			isa = XCBuildConfiguration;
			baseConfigurationReference = A0BB470FFF1B036600EFA24D /* Pods-S.O.U.L.release.xcconfig */;
			buildSettings = {
				ASSETCATALOG_COMPILER_APPICON_NAME = AppIcon;
				CODE_SIGN_STYLE = Automatic;
				DEVELOPMENT_TEAM = UAGVS2NS4Z;
				INFOPLIST_FILE = "$(SRCROOT)/S.O.U.L/Support/Info.plist";
				LD_RUNPATH_SEARCH_PATHS = (
					"$(inherited)",
					"@executable_path/Frameworks",
				);
				PRODUCT_BUNDLE_IDENTIFIER = "com.cavanholi.S-O-U-L";
				PRODUCT_NAME = "$(TARGET_NAME)";
				SWIFT_VERSION = 5.0;
				TARGETED_DEVICE_FAMILY = 1;
			};
			name = Release;
		};
/* End XCBuildConfiguration section */

/* Begin XCConfigurationList section */
		5BCE888622A81234003910C0 /* Build configuration list for PBXProject "S.O.U.L" */ = {
			isa = XCConfigurationList;
			buildConfigurations = (
				5BCE889B22A81237003910C0 /* Debug */,
				5BCE889C22A81237003910C0 /* Release */,
			);
			defaultConfigurationIsVisible = 0;
			defaultConfigurationName = Release;
		};
		5BCE889D22A81237003910C0 /* Build configuration list for PBXNativeTarget "S.O.U.L" */ = {
			isa = XCConfigurationList;
			buildConfigurations = (
				5BCE889E22A81237003910C0 /* Debug */,
				5BCE889F22A81237003910C0 /* Release */,
			);
			defaultConfigurationIsVisible = 0;
			defaultConfigurationName = Release;
		};
/* End XCConfigurationList section */
	};
	rootObject = 5BCE888322A81234003910C0 /* Project object */;
}
